// !$*UTF8*$!
{
	archiveVersion = 1;
	classes = {
	};
	objectVersion = 46;
	objects = {

/* Begin PBXBuildFile section */
		86224EAA1462D6090067DD02 /* UIKit.framework in Frameworks */ = {isa = PBXBuildFile; fileRef = 86224EA91462D6090067DD02 /* UIKit.framework */; };
		86224EAC1462D6090067DD02 /* Foundation.framework in Frameworks */ = {isa = PBXBuildFile; fileRef = 86224EAB1462D6090067DD02 /* Foundation.framework */; };
		86224EAE1462D6090067DD02 /* CoreGraphics.framework in Frameworks */ = {isa = PBXBuildFile; fileRef = 86224EAD1462D6090067DD02 /* CoreGraphics.framework */; };
		86224EB41462D6090067DD02 /* InfoPlist.strings in Resources */ = {isa = PBXBuildFile; fileRef = 86224EB21462D6090067DD02 /* InfoPlist.strings */; };
		86224EB61462D6090067DD02 /* main.m in Sources */ = {isa = PBXBuildFile; fileRef = 86224EB51462D6090067DD02 /* main.m */; };
		86224EBA1462D6090067DD02 /* BooksStoreAppDelegate.m in Sources */ = {isa = PBXBuildFile; fileRef = 86224EB91462D6090067DD02 /* BooksStoreAppDelegate.m */; };
		86224EBD1462D6090067DD02 /* FirstViewController.m in Sources */ = {isa = PBXBuildFile; fileRef = 86224EBC1462D6090067DD02 /* FirstViewController.m */; };
		86224EBF1462D6090067DD02 /* first.png in Resources */ = {isa = PBXBuildFile; fileRef = 86224EBE1462D6090067DD02 /* first.png */; };
		86224EC11462D6090067DD02 /* first@2x.png in Resources */ = {isa = PBXBuildFile; fileRef = 86224EC01462D6090067DD02 /* first@2x.png */; };
		86224EC41462D6090067DD02 /* SecondViewController.m in Sources */ = {isa = PBXBuildFile; fileRef = 86224EC31462D6090067DD02 /* SecondViewController.m */; };
		86224EC61462D6090067DD02 /* second.png in Resources */ = {isa = PBXBuildFile; fileRef = 86224EC51462D6090067DD02 /* second.png */; };
		86224EC81462D6090067DD02 /* second@2x.png in Resources */ = {isa = PBXBuildFile; fileRef = 86224EC71462D6090067DD02 /* second@2x.png */; };
		86224ECB1462D60A0067DD02 /* FirstViewController.xib in Resources */ = {isa = PBXBuildFile; fileRef = 86224EC91462D60A0067DD02 /* FirstViewController.xib */; };
		86224ECE1462D60A0067DD02 /* SecondViewController.xib in Resources */ = {isa = PBXBuildFile; fileRef = 86224ECC1462D60A0067DD02 /* SecondViewController.xib */; };
/* End PBXBuildFile section */

/* Begin PBXFileReference section */
		86224EA51462D6090067DD02 /* BooksStore.app */ = {isa = PBXFileReference; explicitFileType = wrapper.application; includeInIndex = 0; path = BooksStore.app; sourceTree = BUILT_PRODUCTS_DIR; };
		86224EA91462D6090067DD02 /* UIKit.framework */ = {isa = PBXFileReference; lastKnownFileType = wrapper.framework; name = UIKit.framework; path = System/Library/Frameworks/UIKit.framework; sourceTree = SDKROOT; };
		86224EAB1462D6090067DD02 /* Foundation.framework */ = {isa = PBXFileReference; lastKnownFileType = wrapper.framework; name = Foundation.framework; path = System/Library/Frameworks/Foundation.framework; sourceTree = SDKROOT; };
		86224EAD1462D6090067DD02 /* CoreGraphics.framework */ = {isa = PBXFileReference; lastKnownFileType = wrapper.framework; name = CoreGraphics.framework; path = System/Library/Frameworks/CoreGraphics.framework; sourceTree = SDKROOT; };
		86224EB11462D6090067DD02 /* BooksStore-Info.plist */ = {isa = PBXFileReference; path = "BooksStore-Info.plist"; sourceTree = "<group>"; };
		86224EB31462D6090067DD02 /* en */ = {isa = PBXFileReference; lastKnownFileType = text.plist.strings; name = en; path = en.lproj/InfoPlist.strings; sourceTree = "<group>"; };
		86224EB51462D6090067DD02 /* main.m */ = {isa = PBXFileReference; lastKnownFileType = sourcecode.c.objc; path = main.m; sourceTree = "<group>"; };
		86224EB71462D6090067DD02 /* BooksStore-Prefix.pch */ = {isa = PBXFileReference; path = "BooksStore-Prefix.pch"; sourceTree = "<group>"; };
		86224EB81462D6090067DD02 /* BooksStoreAppDelegate.h */ = {isa = PBXFileReference; path = BooksStoreAppDelegate.h; sourceTree = "<group>"; };
		86224EB91462D6090067DD02 /* BooksStoreAppDelegate.m */ = {isa = PBXFileReference; lastKnownFileType = sourcecode.c.objc; path = BooksStoreAppDelegate.m; sourceTree = "<group>"; };
		86224EBB1462D6090067DD02 /* FirstViewController.h */ = {isa = PBXFileReference; path = FirstViewController.h; sourceTree = "<group>"; };
		86224EBC1462D6090067DD02 /* FirstViewController.m */ = {isa = PBXFileReference; lastKnownFileType = sourcecode.c.objc; path = FirstViewController.m; sourceTree = "<group>"; };
		86224EBE1462D6090067DD02 /* first.png */ = {isa = PBXFileReference; lastKnownFileType = image.png; path = first.png; sourceTree = "<group>"; };
		86224EC01462D6090067DD02 /* first@2x.png */ = {isa = PBXFileReference; lastKnownFileType = image.png; path = "first@2x.png"; sourceTree = "<group>"; };
		86224EC21462D6090067DD02 /* SecondViewController.h */ = {isa = PBXFileReference; path = SecondViewController.h; sourceTree = "<group>"; };
		86224EC31462D6090067DD02 /* SecondViewController.m */ = {isa = PBXFileReference; lastKnownFileType = sourcecode.c.objc; path = SecondViewController.m; sourceTree = "<group>"; };
		86224EC51462D6090067DD02 /* second.png */ = {isa = PBXFileReference; lastKnownFileType = image.png; path = second.png; sourceTree = "<group>"; };
		86224EC71462D6090067DD02 /* second@2x.png */ = {isa = PBXFileReference; lastKnownFileType = image.png; path = "second@2x.png"; sourceTree = "<group>"; };
		86224ECA1462D60A0067DD02 /* en */ = {isa = PBXFileReference; lastKnownFileType = file.xib; name = en; path = en.lproj/FirstViewController.xib; sourceTree = "<group>"; };
		86224ECD1462D60A0067DD02 /* en */ = {isa = PBXFileReference; lastKnownFileType = file.xib; name = en; path = en.lproj/SecondViewController.xib; sourceTree = "<group>"; };
/* End PBXFileReference section */

/* Begin PBXFrameworksBuildPhase section */
		86224EA21462D6090067DD02 /* Frameworks */ = {
			isa = PBXFrameworksBuildPhase;
			buildActionMask = 2147483647;
			files = (
				86224EAA1462D6090067DD02 /* UIKit.framework in Frameworks */,
				86224EAC1462D6090067DD02 /* Foundation.framework in Frameworks */,
				86224EAE1462D6090067DD02 /* CoreGraphics.framework in Frameworks */,
			);
			runOnlyForDeploymentPostprocessing = 0;
		};
/* End PBXFrameworksBuildPhase section */

/* Begin PBXGroup section */
		86224E9A1462D6090067DD02 = {
			isa = PBXGroup;
			children = (
				86224EAF1462D6090067DD02 /* BooksStore */,
				86224EA81462D6090067DD02 /* Frameworks */,
				86224EA61462D6090067DD02 /* Products */,
			);
			sourceTree = "<group>";
		};
		86224EA61462D6090067DD02 /* Products */ = {
			isa = PBXGroup;
			children = (
				86224EA51462D6090067DD02 /* BooksStore.app */,
			);
			name = Products;
			sourceTree = "<group>";
		};
		86224EA81462D6090067DD02 /* Frameworks */ = {
			isa = PBXGroup;
			children = (
				86224EA91462D6090067DD02 /* UIKit.framework */,
				86224EAB1462D6090067DD02 /* Foundation.framework */,
				86224EAD1462D6090067DD02 /* CoreGraphics.framework */,
			);
			name = Frameworks;
			sourceTree = "<group>";
		};
		86224EAF1462D6090067DD02 /* BooksStore */ = {
			isa = PBXGroup;
			children = (
				86224EB81462D6090067DD02 /* BooksStoreAppDelegate.h */,
				86224EB91462D6090067DD02 /* BooksStoreAppDelegate.m */,
				86224EBB1462D6090067DD02 /* FirstViewController.h */,
				86224EBC1462D6090067DD02 /* FirstViewController.m */,
				86224EBE1462D6090067DD02 /* first.png */,
				86224EC01462D6090067DD02 /* first@2x.png */,
				86224EC21462D6090067DD02 /* SecondViewController.h */,
				86224EC31462D6090067DD02 /* SecondViewController.m */,
				86224EC51462D6090067DD02 /* second.png */,
				86224EC71462D6090067DD02 /* second@2x.png */,
				86224EC91462D60A0067DD02 /* FirstViewController.xib */,
				86224ECC1462D60A0067DD02 /* SecondViewController.xib */,
				86224EB01462D6090067DD02 /* Supporting Files */,
			);
			path = BooksStore;
			sourceTree = "<group>";
		};
		86224EB01462D6090067DD02 /* Supporting Files */ = {
			isa = PBXGroup;
			children = (
				86224EB11462D6090067DD02 /* BooksStore-Info.plist */,
				86224EB21462D6090067DD02 /* InfoPlist.strings */,
				86224EB51462D6090067DD02 /* main.m */,
				86224EB71462D6090067DD02 /* BooksStore-Prefix.pch */,
			);
			name = "Supporting Files";
			sourceTree = "<group>";
		};
/* End PBXGroup section */

/* Begin PBXNativeTarget section */
		86224EA41462D6090067DD02 /* BooksStore */ = {
			isa = PBXNativeTarget;
			buildConfigurationList = 86224ED11462D60A0067DD02 /* Build configuration list for PBXNativeTarget "BooksStore" */;
			buildPhases = (
				86224EA11462D6090067DD02 /* Sources */,
				86224EA21462D6090067DD02 /* Frameworks */,
				86224EA31462D6090067DD02 /* Resources */,
			);
			buildRules = (
			);
			dependencies = (
			);
			name = BooksStore;
			productName = BooksStore;
			productReference = 86224EA51462D6090067DD02 /* BooksStore.app */;
			productType = "com.apple.product-type.application";
		};
/* End PBXNativeTarget section */

/* Begin PBXProject section */
		86224E9C1462D6090067DD02 /* Project object */ = {
			isa = PBXProject;
			buildConfigurationList = 86224E9F1462D6090067DD02 /* Build configuration list for PBXProject "BooksStore" */;
			compatibilityVersion = "Xcode 3.2";
			developmentRegion = English;
			hasScannedForEncodings = 0;
			knownRegions = (
				en,
			);
			mainGroup = 86224E9A1462D6090067DD02;
			productRefGroup = 86224EA61462D6090067DD02 /* Products */;
			projectDirPath = "";
			projectRoot = "";
			targets = (
				86224EA41462D6090067DD02 /* BooksStore */,
			);
		};
/* End PBXProject section */

/* Begin PBXResourcesBuildPhase section */
		86224EA31462D6090067DD02 /* Resources */ = {
			isa = PBXResourcesBuildPhase;
			buildActionMask = 2147483647;
			files = (
				86224EB41462D6090067DD02 /* InfoPlist.strings in Resources */,
				86224EBF1462D6090067DD02 /* first.png in Resources */,
				86224EC11462D6090067DD02 /* first@2x.png in Resources */,
				86224EC61462D6090067DD02 /* second.png in Resources */,
				86224EC81462D6090067DD02 /* second@2x.png in Resources */,
				86224ECB1462D60A0067DD02 /* FirstViewController.xib in Resources */,
				86224ECE1462D60A0067DD02 /* SecondViewController.xib in Resources */,
			);
			runOnlyForDeploymentPostprocessing = 0;
		};
/* End PBXResourcesBuildPhase section */

/* Begin PBXSourcesBuildPhase section */
		86224EA11462D6090067DD02 /* Sources */ = {
			isa = PBXSourcesBuildPhase;
			buildActionMask = 2147483647;
			files = (
				86224EB61462D6090067DD02 /* main.m in Sources */,
				86224EBA1462D6090067DD02 /* BooksStoreAppDelegate.m in Sources */,
				86224EBD1462D6090067DD02 /* FirstViewController.m in Sources */,
				86224EC41462D6090067DD02 /* SecondViewController.m in Sources */,
			);
			runOnlyForDeploymentPostprocessing = 0;
		};
/* End PBXSourcesBuildPhase section */

/* Begin PBXVariantGroup section */
		86224EB21462D6090067DD02 /* InfoPlist.strings */ = {
			isa = PBXVariantGroup;
			children = (
				86224EB31462D6090067DD02 /* en */,
			);
			name = InfoPlist.strings;
			sourceTree = "<group>";
		};
		86224EC91462D60A0067DD02 /* FirstViewController.xib */ = {
			isa = PBXVariantGroup;
			children = (
				86224ECA1462D60A0067DD02 /* en */,
			);
			name = FirstViewController.xib;
			sourceTree = "<group>";
		};
		86224ECC1462D60A0067DD02 /* SecondViewController.xib */ = {
			isa = PBXVariantGroup;
			children = (
				86224ECD1462D60A0067DD02 /* en */,
			);
			name = SecondViewController.xib;
			sourceTree = "<group>";
		};
/* End PBXVariantGroup section */

/* Begin XCBuildConfiguration section */
		86224ECF1462D60A0067DD02 /* Debug */ = {
			isa = XCBuildConfiguration;
			buildSettings = {
				ALWAYS_SEARCH_USER_PATHS = NO;
				ARCHS = "$(ARCHS_STANDARD_32_BIT)";
				CLANG_ENABLE_OBJC_ARC = YES;
				"CODE_SIGN_IDENTITY[sdk=iphoneos*]" = "iPhone Developer";
				COPY_PHASE_STRIP = NO;
				GCC_C_LANGUAGE_STANDARD = gnu99;
				GCC_DYNAMIC_NO_PIC = NO;
				GCC_OPTIMIZATION_LEVEL = 0;
				GCC_PREPROCESSOR_DEFINITIONS = (
					"DEBUG=1",
					"$(inherited)",
				);
				GCC_SYMBOLS_PRIVATE_EXTERN = NO;
				GCC_VERSION = com.apple.compilers.llvm.clang.1_0;
				GCC_WARN_ABOUT_MISSING_PROTOTYPES = YES;
				GCC_WARN_ABOUT_RETURN_TYPE = YES;
				GCC_WARN_UNUSED_VARIABLE = YES;
				IPHONEOS_DEPLOYMENT_TARGET = 5.0;
				SDKROOT = iphoneos;
				TARGETED_DEVICE_FAMILY = 2;
			};
			name = Debug;
		};
		86224ED01462D60A0067DD02 /* Release */ = {
			isa = XCBuildConfiguration;
			buildSettings = {
				ALWAYS_SEARCH_USER_PATHS = NO;
				ARCHS = "$(ARCHS_STANDARD_32_BIT)";
				CLANG_ENABLE_OBJC_ARC = YES;
				"CODE_SIGN_IDENTITY[sdk=iphoneos*]" = "iPhone Developer";
				COPY_PHASE_STRIP = YES;
				GCC_C_LANGUAGE_STANDARD = gnu99;
				GCC_VERSION = com.apple.compilers.llvm.clang.1_0;
				GCC_WARN_ABOUT_MISSING_PROTOTYPES = YES;
				GCC_WARN_ABOUT_RETURN_TYPE = YES;
				GCC_WARN_UNUSED_VARIABLE = YES;
				IPHONEOS_DEPLOYMENT_TARGET = 5.0;
				OTHER_CFLAGS = "-DNS_BLOCK_ASSERTIONS=1";
				SDKROOT = iphoneos;
				TARGETED_DEVICE_FAMILY = 2;
				VALIDATE_PRODUCT = YES;
			};
			name = Release;
		};
		86224ED21462D60A0067DD02 /* Debug */ = {
			isa = XCBuildConfiguration;
			buildSettings = {
				GCC_PRECOMPILE_PREFIX_HEADER = YES;
				GCC_PREFIX_HEADER = "BooksStore/BooksStore-Prefix.pch";
				INFOPLIST_FILE = "BooksStore/BooksStore-Info.plist";
				PRODUCT_NAME = "$(TARGET_NAME)";
				WRAPPER_EXTENSION = app;
			};
			name = Debug;
		};
		86224ED31462D60A0067DD02 /* Release */ = {
			isa = XCBuildConfiguration;
			buildSettings = {
				GCC_PRECOMPILE_PREFIX_HEADER = YES;
				GCC_PREFIX_HEADER = "BooksStore/BooksStore-Prefix.pch";
				INFOPLIST_FILE = "BooksStore/BooksStore-Info.plist";
				PRODUCT_NAME = "$(TARGET_NAME)";
				WRAPPER_EXTENSION = app;
			};
			name = Release;
		};
/* End XCBuildConfiguration section */

/* Begin XCConfigurationList section */
		86224E9F1462D6090067DD02 /* Build configuration list for PBXProject "BooksStore" */ = {
			isa = XCConfigurationList;
			buildConfigurations = (
				86224ECF1462D60A0067DD02 /* Debug */,
				86224ED01462D60A0067DD02 /* Release */,
			);
			defaultConfigurationIsVisible = 0;
			defaultConfigurationName = Release;
		};
		86224ED11462D60A0067DD02 /* Build configuration list for PBXNativeTarget "BooksStore" */ = {
			isa = XCConfigurationList;
			buildConfigurations = (
				86224ED21462D60A0067DD02 /* Debug */,
				86224ED31462D60A0067DD02 /* Release */,
			);
			defaultConfigurationIsVisible = 0;
		};
/* End XCConfigurationList section */
	};
	rootObject = 86224E9C1462D6090067DD02 /* Project object */;
}
